
Microsoft Visual Studio Solution File, Format Version 12.00
# Visual Studio Version 17
VisualStudioVersion = 17.12.35506.116 d17.12
MinimumVisualStudioVersion = 10.0.40219.1
Project("{FAE04EC0-301F-11D3-BF4B-00C04F79EFBC}") = "MobileBasics1.Android", "MobileBasics1\MobileBasics1.Android\MobileBasics1.Android.csproj", "{86E6BB5C-4157-49C8-838F-04E052648187}"
EndProject
Project("{FAE04EC0-301F-11D3-BF4B-00C04F79EFBC}") = "MobileBasics1.iOS", "MobileBasics1\MobileBasics1.iOS\MobileBasics1.iOS.csproj", "{1E647138-E09B-4E53-A3DA-5833A0444635}"
EndProject
Project("{FAE04EC0-301F-11D3-BF4B-00C04F79EFBC}") = "MobileBasics1", "MobileBasics1\MobileBasics1\MobileBasics1.csproj", "{A6576507-B0C6-425F-9CAA-4B0B3C8F7D96}"
EndProject
Global
	GlobalSection(SolutionConfigurationPlatforms) = preSolution
		Debug|Any CPU = Debug|Any CPU
		Release|Any CPU = Release|Any CPU
	EndGlobalSection
	GlobalSection(ProjectConfigurationPlatforms) = postSolution
		{86E6BB5C-4157-49C8-838F-04E052648187}.Debug|Any CPU.ActiveCfg = Debug|Any CPU
		{86E6BB5C-4157-49C8-838F-04E052648187}.Debug|Any CPU.Build.0 = Debug|Any CPU
		{86E6BB5C-4157-49C8-838F-04E052648187}.Debug|Any CPU.Deploy.0 = Debug|Any CPU
		{86E6BB5C-4157-49C8-838F-04E052648187}.Release|Any CPU.ActiveCfg = Release|Any CPU
		{86E6BB5C-4157-49C8-838F-04E052648187}.Release|Any CPU.Build.0 = Release|Any CPU
		{86E6BB5C-4157-49C8-838F-04E052648187}.Release|Any CPU.Deploy.0 = Release|Any CPU
		{1E647138-E09B-4E53-A3DA-5833A0444635}.Debug|Any CPU.ActiveCfg = Debug|iPhone
		{1E647138-E09B-4E53-A3DA-5833A0444635}.Debug|Any CPU.Build.0 = Debug|iPhone
		{1E647138-E09B-4E53-A3DA-5833A0444635}.Debug|Any CPU.Deploy.0 = Debug|iPhone
		{1E647138-E09B-4E53-A3DA-5833A0444635}.Release|Any CPU.ActiveCfg = Release|iPhoneSimulator
		{1E647138-E09B-4E53-A3DA-5833A0444635}.Release|Any CPU.Build.0 = Release|iPhoneSimulator
		{1E647138-E09B-4E53-A3DA-5833A0444635}.Release|Any CPU.Deploy.0 = Release|iPhoneSimulator
		{A6576507-B0C6-425F-9CAA-4B0B3C8F7D96}.Debug|Any CPU.ActiveCfg = Debug|Any CPU
		{A6576507-B0C6-425F-9CAA-4B0B3C8F7D96}.Debug|Any CPU.Build.0 = Debug|Any CPU
		{A6576507-B0C6-425F-9CAA-4B0B3C8F7D96}.Debug|Any CPU.Deploy.0 = Debug|Any CPU
		{A6576507-B0C6-425F-9CAA-4B0B3C8F7D96}.Release|Any CPU.ActiveCfg = Release|Any CPU
		{A6576507-B0C6-425F-9CAA-4B0B3C8F7D96}.Release|Any CPU.Build.0 = Release|Any CPU
		{A6576507-B0C6-425F-9CAA-4B0B3C8F7D96}.Release|Any CPU.Deploy.0 = Release|Any CPU
	EndGlobalSection
	GlobalSection(SolutionProperties) = preSolution
		HideSolutionNode = FALSE
	EndGlobalSection
EndGlobal
